version = 1
revision = 3
requires-python = ">=3.13"

[options]
exclude-newer = "0001-01-01T00:00:00Z" # This has no effect and is included for backwards compatibility when using relative exclude-newer values.
exclude-newer-span = "P3D"

[[package]]
name = "prek"
version = "0.4.12"
source = { registry = "https://pypi.org/simple" }
sdist = { url = "https://files.pythonhosted.org/packages/fc/5c/cb6e63f7e5a58a5313ddb70409174f4dc004e4b0910b8a8d3f59b2225a95/prek-0.4.12.tar.gz", hash = "sha256:04beeba7f40437cd2f36804b84101bd7f3c9fb40b52da46a25604642ab2bfb09", size = 519080, upload-time = "2026-08-03T11:28:33.147Z" }
wheels = [
    { url = "https://files.pythonhosted.org/packages/f3/23/5811a3161e072e5f93e4da01af611ee30c32922507b8ab4d9873df6affd3/prek-0.4.12-py3-none-linux_armv6l.whl", hash = "sha256:cd92000b051e433f26340821cf1cc8e6e3960f1275f3d516ca01f05905abba64", size = 5793226, upload-time = "2026-08-03T11:28:09.534Z" },
    { url = "https://files.pythonhosted.org/packages/a3/88/8607845d94eb1482e1bd335dadf098618f077a15775f7e98de99669052b4/prek-0.4.12-py3-none-macosx_10_12_x86_64.whl", hash = "sha256:5904fe6c6ab26e7d8792a3c7f1e3fc8d94fcfb63ad33b247c35f004b62cb6275", size = 6132269, upload-time = "2026-08-03T11:28:11.147Z" },
    { url = "https://files.pythonhosted.org/packages/ac/28/571d79ba457fbd9ecf40ae879c91952e12f5fa475306218c91139b86db7a/prek-0.4.12-py3-none-macosx_11_0_arm64.whl", hash = "sha256:df3eff1db9c24dc293010a07bc7a0ae0c541d55af828f5586405dedc28c4920d", size = 5614964, upload-time = "2026-08-03T11:28:12.983Z" },
    { url = "https://files.pythonhosted.org/packages/b0/a9/3f5cb79a73c764a8ac38d5bcd51e0df57239856eca7949b09bdac4338bf3/prek-0.4.12-py3-none-manylinux_2_17_aarch64.manylinux2014_aarch64.musllinux_1_1_aarch64.whl", hash = "sha256:c7733b44ca772ea32ec6a8bee669d0358bdf45873e79767afed196065084f31c", size = 5941047, upload-time = "2026-08-03T11:28:14.45Z" },
    { url = "https://files.pythonhosted.org/packages/8c/00/1dfed0ef8af10c5c32aa903486dccd33d2df171f3d945a037c5692f10760/prek-0.4.12-py3-none-manylinux_2_17_armv7l.manylinux2014_armv7l.whl", hash = "sha256:87f170cf1ffd6e3a196f947b83dff1f6c2cd68635f8d49740278bebe7b682262", size = 5707994, upload-time = "2026-08-03T11:28:15.914Z" },
    { url = "https://files.pythonhosted.org/packages/c0/bd/5f388f6cbdc0445b850e7c1a160d0be67fcef8bf221e3c8141a1feccef17/prek-0.4.12-py3-none-manylinux_2_17_i686.manylinux2014_i686.whl", hash = "sha256:57dad513831f060cf73808df8edec29d46ec311435aa69f21c80edebf23dc5e1", size = 6133784, upload-time = "2026-08-03T11:28:17.184Z" },
    { url = "https://files.pythonhosted.org/packages/ba/47/342091a987bf68a74acec6d226a40ce7d51faf0019aa4126cc7bc952f8a7/prek-0.4.12-py3-none-manylinux_2_17_s390x.manylinux2014_s390x.whl", hash = "sha256:b204844abc7ded983471f576ae8dc13b99e9b8d022e4d4b46176c6654769c9d8", size = 6901589, upload-time = "2026-08-03T11:28:18.545Z" },
    { url = "https://files.pythonhosted.org/packages/5b/8a/3ef7bdc3c3441649ebc040b9e164a13163e1e5fabae23e7bbb901992f3de/prek-0.4.12-py3-none-manylinux_2_17_x86_64.manylinux2014_x86_64.whl", hash = "sha256:43b0a5a9d3f2f77871fdcb7893bfc5c8fe7e44f4e603ce6e4712bfec96b2d6f2", size = 6342189, upload-time = "2026-08-03T11:28:20Z" },
    { url = "https://files.pythonhosted.org/packages/c4/da/6277908442301b1b92a2879f6b04aaa03accb900f80e42776fc28b8197ef/prek-0.4.12-py3-none-manylinux_2_28_aarch64.whl", hash = "sha256:0d188e572c306cc44b96e1bae5647e25b7bd311113f3f3f4a67320c257ee64a3", size = 5951250, upload-time = "2026-08-03T11:28:21.339Z" },
    { url = "https://files.pythonhosted.org/packages/a3/68/bff51a7332837edb1ecbe017325adb7fafd69b9c7828ddc81a1334b884af/prek-0.4.12-py3-none-manylinux_2_31_riscv64.whl", hash = "sha256:986f52d104b7066190f0f32aebe3467710356de265e9bfd892101ba99371db4d", size = 5804147, upload-time = "2026-08-03T11:28:22.656Z" },
    { url = "https://files.pythonhosted.org/packages/aa/de/b7f544971072ed7814125145dfeb1f7c15cce6b78ccea65a96298ff37838/prek-0.4.12-py3-none-musllinux_1_1_armv7l.whl", hash = "sha256:13e34d9e09bafcbf1f25a01cf86985e2c5e486591d3f45b2786ba3de82e5153a", size = 5680104, upload-time = "2026-08-03T11:28:24.271Z" },
    { url = "https://files.pythonhosted.org/packages/68/94/95942bcc20a6a91ec2989aa30fdeb00ad095be736ec48b4bbcf0376166b1/prek-0.4.12-py3-none-musllinux_1_1_i686.whl", hash = "sha256:3d0208370da73e8b5bc97f2492dc3975f8dd2c22f4bf6e1f2cf3342503764b52", size = 5975030, upload-time = "2026-08-03T11:28:25.683Z" },
    { url = "https://files.pythonhosted.org/packages/ef/6d/26e6497198d81cf9aa82495400aef46adea8df3e4a4efc5f00e3b6ab3292/prek-0.4.12-py3-none-musllinux_1_1_x86_64.whl", hash = "sha256:b1005f42920111bec1403c25e8f2f12ec7af0be06686cc3b8dcf85429af908a8", size = 6458532, upload-time = "2026-08-03T11:28:27.121Z" },
    { url = "https://files.pythonhosted.org/packages/44/02/ee140c2eb4701bd194db429d84630733492be94897d5f72b61d6f11e6619/prek-0.4.12-py3-none-win32.whl", hash = "sha256:afee229488dcceaea282288e4d7096a93da5a8b85649d9ef506dbdbcd78f38a7", size = 5502213, upload-time = "2026-08-03T11:28:28.691Z" },
    { url = "https://files.pythonhosted.org/packages/e5/7b/744cff84def48c1ce38c0b4f643a3553c66976c5bb7869ab7317044870e4/prek-0.4.12-py3-none-win_amd64.whl", hash = "sha256:fdd27bad8adafea8fe77606950ca09200d59296a47ab131cfb88718d460949d7", size = 5868065, upload-time = "2026-08-03T11:28:30.377Z" },
    { url = "https://files.pythonhosted.org/packages/46/1d/e2c0fc222904ef73df1739b11a83edc29e38bc4bc61259f2ca6d2f15abb0/prek-0.4.12-py3-none-win_arm64.whl", hash = "sha256:45e34a24fba4a4e4568682477158591698efc2375b8d1d418ae424691c4bd01b", size = 5632819, upload-time = "2026-08-03T11:28:31.743Z" },
]

[[package]]
name = "project-name"
version = "0.1.0"
source = { virtual = "." }

[package.dev-dependencies]
dev = [
    { name = "prek" },
    { name = "ruff" },
]
lint = [
    { name = "ruff" },
]

[package.metadata]

[package.metadata.requires-dev]
dev = [
    { name = "prek", specifier = ">=0.3.0" },
    { name = "ruff", specifier = "==0.16.4" },
]
lint = [{ name = "ruff", specifier = "==0.16.4" }]

[[package]]
name = "ruff"
version = "0.16.4"
source = { registry = "https://pypi.org/simple" }
sdist = { url = "https://files.pythonhosted.org/packages/00/8f/d8074b1f25e003164087a8bfe79a0f1a3945135764dbb6aaab04103dcaf9/ruff-0.16.4.tar.gz", hash = "sha256:13171aa9d9af2240ee3504e639de73122c67e74036de5ba2e1d01422cd17e3dc", size = 4899731, upload-time = "2026-08-20T17:43:59.196Z" }
wheels = [
    { url = "https://files.pythonhosted.org/packages/ff/80/779895ef584e089d22f2c6df0d0e99a65ec2df0805f1fffd439415b8c1f0/ruff-0.16.4-py3-none-linux_armv6l.whl", hash = "sha256:df4075f71ddac40b9934af60c3ec8a53047dd5a5fdc43224e6e4e8e9a27cb6f7", size = 10006909, upload-time = "2026-08-20T17:43:16.888Z" },
    { url = "https://files.pythonhosted.org/packages/a9/e6/f553199b5e8927a05cb5c422d921fd0656b29ab976e91c44802107c6b0da/ruff-0.16.4-py3-none-macosx_10_12_x86_64.whl", hash = "sha256:0c95538517af68004306b0fb3214ff2f2af67a65092aee77cd9eb86db6656604", size = 10240201, upload-time = "2026-08-20T17:43:19.337Z" },
    { url = "https://files.pythonhosted.org/packages/1c/70/4a6dc4bb34da4dee35e30f09bbd1bfbdd26f33b62fb9b8df31f08a199cd2/ruff-0.16.4-py3-none-macosx_11_0_arm64.whl", hash = "sha256:963f83df8e69e575b64d67dd447ebbc917db41a14bf38d4593a4183e7aaa8255", size = 9835122, upload-time = "2026-08-20T17:43:21.708Z" },
    { url = "https://files.pythonhosted.org/packages/24/12/c6e22d686372c15bcb7af99831f1a1be96df696491babf4f24e4f942c527/ruff-0.16.4-py3-none-manylinux_2_17_aarch64.manylinux2014_aarch64.whl", hash = "sha256:32a5057c7ff3f6e6480a48fccfb3a412a690f48a3d03ac5cf08177d6c2da3ade", size = 9977162, upload-time = "2026-08-20T17:43:24.236Z" },
    { url = "https://files.pythonhosted.org/packages/46/49/72b10ec912f5ab5854992eaf7aa7cd36729b6937d9dc4e0fb41b3bf428ec/ruff-0.16.4-py3-none-manylinux_2_17_armv7l.manylinux2014_armv7l.whl", hash = "sha256:b3dce8d9b0c57c265b91885a66a567d8ea1372e8eb4e250fa8e5e3f579e99cff", size = 9829789, upload-time = "2026-08-20T17:43:26.966Z" },
    { url = "https://files.pythonhosted.org/packages/fa/80/0f30e32e7f6ee26edc39075502db9d368d788a44a79b55f763eb4ab03796/ruff-0.16.4-py3-none-manylinux_2_17_i686.manylinux2014_i686.whl", hash = "sha256:7dc651db49283c69f8e72c834eec4fe5573e4c646856aebece0ce385dceb2a80", size = 10527949, upload-time = "2026-08-20T17:43:29.384Z" },
    { url = "https://files.pythonhosted.org/packages/52/3d/86e8ad3542169e56cac3859a343afdb9df2ad54d35a59ce1e67baee83421/ruff-0.16.4-py3-none-manylinux_2_17_ppc64le.manylinux2014_ppc64le.whl", hash = "sha256:3817b87dbcabc92f13b05019257c5b89b5b4d51b5fb20f56fb5235ceb723cd07", size = 11333695, upload-time = "2026-08-20T17:43:31.872Z" },
    { url = "https://files.pythonhosted.org/packages/d0/16/481c29b380c20a0054a8261066665e1b3488e23636c49d0a43e75975b9bb/ruff-0.16.4-py3-none-manylinux_2_17_s390x.manylinux2014_s390x.whl", hash = "sha256:e9fce1499134b2c8c68e5166f95705a5812062bb93aacc5f9873bb1a27084bc7", size = 10727741, upload-time = "2026-08-20T17:43:34.596Z" },
    { url = "https://files.pythonhosted.org/packages/5e/b6/56bc0b8cf45b54b28b3a5e6381c8945d51b5b18adf659454c32295209a31/ruff-0.16.4-py3-none-manylinux_2_17_x86_64.manylinux2014_x86_64.whl", hash = "sha256:f2d812e482f5a7e02eee26cd73d2a37ebbdf47d795ea63ba1b89110ae93e9fb3", size = 10286522, upload-time = "2026-08-20T17:43:37.288Z" },
    { url = "https://files.pythonhosted.org/packages/e8/8b/b345b4fb110f2fbe2bd31eabd271e5e8b3b7e4ee6c0e02f2dc6be78db000/ruff-0.16.4-py3-none-manylinux_2_31_riscv64.whl", hash = "sha256:6baaf984aa7976edf93d3b627fe2d1d22ee94bbca05fa6f90fc76d73924e3454", size = 10584182, upload-time = "2026-08-20T17:43:39.984Z" },
    { url = "https://files.pythonhosted.org/packages/29/e5/827b34041c35f58774a9681a4213994c164fc987800f4dddabcf451da0bf/ruff-0.16.4-py3-none-musllinux_1_2_aarch64.whl", hash = "sha256:bdfcf0b28662eb890372d50f92c283bb94e67e7635ed93c7fd533970acff7b2b", size = 10134195, upload-time = "2026-08-20T17:43:42.351Z" },
    { url = "https://files.pythonhosted.org/packages/0f/10/d0bffcdd6729b87afc82ba0ef377173356a7dc8e972f5179968cf2fdf98c/ruff-0.16.4-py3-none-musllinux_1_2_armv7l.whl", hash = "sha256:b66b02cb9b04f537643cadf5768e5f98dc461890d530cb67113d71c8c76e605d", size = 9825821, upload-time = "2026-08-20T17:43:44.532Z" },
    { url = "https://files.pythonhosted.org/packages/f5/32/0db2a863b796ca62d83e92a07a3ccf00921b14db02059347576a2fda3d4b/ruff-0.16.4-py3-none-musllinux_1_2_i686.whl", hash = "sha256:8528bf9a4b291a60bf02ea453511e8ce6215bd2b982ee80405b66b008b6c30a0", size = 10267658, upload-time = "2026-08-20T17:43:46.989Z" },
    { url = "https://files.pythonhosted.org/packages/b2/a0/fbdeb59e48c6261f523e56c8f12e9c08fbe693786595cc7e3959207a9232/ruff-0.16.4-py3-none-musllinux_1_2_x86_64.whl", hash = "sha256:fbd85d2875fdd67e833213a651f613bbf25303abf6aa822a5121f4531195678d", size = 10697071, upload-time = "2026-08-20T17:43:49.891Z" },
    { url = "https://files.pythonhosted.org/packages/aa/28/0c6dd865859c6d17bc8ccc34cb72b0e02d6c7eb25e8a1e22b5bea681e2c0/ruff-0.16.4-py3-none-win32.whl", hash = "sha256:312769988007aaeb8e189b443ccdd03c0e6374489e053467be6d96518ebff76e", size = 10021687, upload-time = "2026-08-20T17:43:52.281Z" },
    { url = "https://files.pythonhosted.org/packages/a3/03/e724450f621698117f9aa6dd241c94d0274ae96781378dc86745ae29f0e7/ruff-0.16.4-py3-none-win_amd64.whl", hash = "sha256:05d9d27a18c4bcbefada602480ec9e01e0bc949d432e0ced5df77edac195919c", size = 10567657, upload-time = "2026-08-20T17:43:54.78Z" },
    { url = "https://files.pythonhosted.org/packages/0e/fe/da8b9e1347696bb22120b77280ec5ce25d500ca5cb39d5ad6e5c18de19c1/ruff-0.16.4-py3-none-win_arm64.whl", hash = "sha256:a3a61621c9b6f6a89573e938a080e648f1695baa3f58570a3a707bc51ff65a21", size = 10451579, upload-time = "2026-08-20T17:43:57.135Z" },
]
